{
    "hash": "978ede97c67e47ebb33806e6abb22b09",
    "packages": [
        {
            "package": "slim/extras",
            "version": "dev-release-1.0.3",
            "source-reference": "a20c2376098bd3c849be88586832f83e8a19f1a8",
            "commit-date": "1341062598"
        },
        {
            "package": "slim/slim",
            "version": "1.6.4"
        },
        {
            "package": "symfony/yaml",
            "version": "v2.0.15"
        },
        {
            "package": "twig/twig",
            "version": "v1.8.3"
        }
    ],
    "packages-dev": null,
    "aliases": [

    ],
    "minimum-stability": "dev",
    "stability-flags": {
        "slim/extras": 20
    }
}
