{
    "hash": "2397ac8c473ad5d5b20a54411aaf3c6d",
    "packages": [
        {
            "package": "phly/mustache",
            "version": "1.0.0"
        },
        {
            "package": "slim/extras",
            "version": "1.0.2"
        },
        {
            "package": "slim/slim",
            "version": "1.6.4"
        },
        {
            "package": "symfony/yaml",
            "version": "v2.0.15"
        }
    ],
    "packages-dev": null,
    "aliases": [

    ],
    "minimum-stability": "dev",
    "stability-flags": [

    ]
}
